# THIS IS AN AUTOGENERATED FILE. DO NOT EDIT THIS FILE DIRECTLY.
# yarn lockfile v1


webidl2@^15.0.0:
  version "15.0.0"
  resolved "https://registry.yarnpkg.com/webidl2/-/webidl2-15.0.0.tgz#65b6cca280be2f9b2c95202b53a40ae16e778116"
  integrity sha512-ouZPVhg6fUi3Qtor+nLCOsqtzDKnhPmsTMWtkgxs6tGAFeLpc2Xfc7kBMgOGzuB5Sh+O8F6/HNdNIfw4iXfCRg==
